speakeasyVersion: 1.696.0
sources:
    'DEPRECATED: Novu API. Use -openapi.{json,yaml} instead.':
        sourceNamespace: novu-oas
        sourceRevisionDigest: sha256:598015a70891f7b77de7cd4b728226ce4ec58ce7f3e5ac02fb5cbf02bd4c50f2
        sourceBlobDigest: sha256:96fb2e0e31eceb390da19a83143ef871dbbba67447e0e213040d459b332bce6b
        tags:
            - latest
            - 3.12.0
    novu-OAS:
        sourceNamespace: novu-oas
        sourceRevisionDigest: sha256:a4fbb15bb61b8963d50031aae18f985aceda5366f1006f4a94cc46a30b5ec47b
        sourceBlobDigest: sha256:b05171ab57555446bc0e3be838b9667f5c44b575222c90ee36a7ab1416cefe1f
        tags:
            - latest
            - speakeasy-sdk-regen-next-1769072241
            - 3.12.0
targets:
    novu:
        source: novu-OAS
        sourceNamespace: novu-oas
        sourceRevisionDigest: sha256:a4fbb15bb61b8963d50031aae18f985aceda5366f1006f4a94cc46a30b5ec47b
        sourceBlobDigest: sha256:b05171ab57555446bc0e3be838b9667f5c44b575222c90ee36a7ab1416cefe1f
        codeSamplesNamespace: novu-oas-java-code-samples
        codeSamplesRevisionDigest: sha256:9eecd94f19a0c7e69f99232c659351eed0e2f4b81e96c62631fa1f404239ef91
workflow:
    workflowVersion: 1.0.0
    speakeasyVersion: latest
    sources:
        novu-OAS:
            inputs:
                - location: https://api.novu.co/openapi.sdk.yaml
            overlays:
                - location: .speakeasy/speakeasy-modifications-overlay.yaml
            registry:
                location: registry.speakeasyapi.dev/novu/novu/novu-oas
    targets:
        novu:
            target: java
            source: novu-OAS
            publish:
                java:
                    ossrhUsername: $ossrh_username
                    ossrhPassword: $ossrh_password
                    gpgSecretKey: $java_gpg_secret_key
                    gpgPassPhrase: $java_gpg_passphrase
            codeSamples:
                registry:
                    location: registry.speakeasyapi.dev/novu/novu/novu-oas-java-code-samples
                blocking: false
