speakeasyVersion: 1.791.0
sources:
    'DEPRECATED: Novu API. Use -openapi.{json,yaml} instead.':
        sourceNamespace: novu-oas
        sourceRevisionDigest: sha256:598015a70891f7b77de7cd4b728226ce4ec58ce7f3e5ac02fb5cbf02bd4c50f2
        sourceBlobDigest: sha256:96fb2e0e31eceb390da19a83143ef871dbbba67447e0e213040d459b332bce6b
        tags:
            - latest
            - 3.12.0
    novu-OAS:
        sourceNamespace: novu-oas
        sourceRevisionDigest: sha256:12fef7ad504d87ad01f345536d0c4bdc2feb53303b90826c27d0e0669521068c
        sourceBlobDigest: sha256:564e8549de9a82c085eea933667f14174aeca6b90961a1c4ae28795c2badbca3
        tags:
            - latest
            - 3.18.1
targets:
    novu:
        source: novu-OAS
        sourceNamespace: novu-oas
        sourceRevisionDigest: sha256:12fef7ad504d87ad01f345536d0c4bdc2feb53303b90826c27d0e0669521068c
        sourceBlobDigest: sha256:564e8549de9a82c085eea933667f14174aeca6b90961a1c4ae28795c2badbca3
        codeSamplesNamespace: novu-oas-java-code-samples
        codeSamplesRevisionDigest: sha256:4935a681478a8b254df472c385470b510d44dbdc9fdea287e36b69b5aa15d448
workflow:
    workflowVersion: 1.0.0
    speakeasyVersion: latest
    sources:
        novu-OAS:
            inputs:
                - location: https://api.novu.co/openapi.sdk.yaml
            overlays:
                - location: .speakeasy/speakeasy-modifications-overlay.yaml
            registry:
                location: registry.speakeasyapi.dev/novu/novu/novu-oas
    targets:
        novu:
            target: java
            source: novu-OAS
            publish:
                java:
                    ossrhUsername: $ossrh_username
                    ossrhPassword: $ossrh_password
                    gpgSecretKey: $java_gpg_secret_key
                    gpgPassPhrase: $java_gpg_passphrase
            codeSamples:
                registry:
                    location: registry.speakeasyapi.dev/novu/novu/novu-oas-java-code-samples
                blocking: false
