speakeasyVersion: 1.732.2
sources:
    'DEPRECATED: Novu API. Use -openapi.{json,yaml} instead.':
        sourceNamespace: novu-oas
        sourceRevisionDigest: sha256:598015a70891f7b77de7cd4b728226ce4ec58ce7f3e5ac02fb5cbf02bd4c50f2
        sourceBlobDigest: sha256:96fb2e0e31eceb390da19a83143ef871dbbba67447e0e213040d459b332bce6b
        tags:
            - latest
            - 3.12.0
    novu-OAS:
        sourceNamespace: novu-oas
        sourceRevisionDigest: sha256:aaf89e274c31a5a450b1170b501418fe743781d8797e09e5827f2adb34e5f49a
        sourceBlobDigest: sha256:70458c344be37b8b008f62e6725939bfe6ebcef8ec5edceebaf375ae6f541c10
        tags:
            - latest
            - 3.14.0
targets:
    novu:
        source: novu-OAS
        sourceNamespace: novu-oas
        sourceRevisionDigest: sha256:aaf89e274c31a5a450b1170b501418fe743781d8797e09e5827f2adb34e5f49a
        sourceBlobDigest: sha256:70458c344be37b8b008f62e6725939bfe6ebcef8ec5edceebaf375ae6f541c10
        codeSamplesNamespace: novu-oas-java-code-samples
        codeSamplesRevisionDigest: sha256:5c2d4382f80ca859d4e2dc5a96f870c99a79ee4de6c5065fefeb34d9ba30ce97
workflow:
    workflowVersion: 1.0.0
    speakeasyVersion: latest
    sources:
        novu-OAS:
            inputs:
                - location: https://api.novu.co/openapi.sdk.yaml
            overlays:
                - location: .speakeasy/speakeasy-modifications-overlay.yaml
            registry:
                location: registry.speakeasyapi.dev/novu/novu/novu-oas
    targets:
        novu:
            target: java
            source: novu-OAS
            publish:
                java:
                    ossrhUsername: $ossrh_username
                    ossrhPassword: $ossrh_password
                    gpgSecretKey: $java_gpg_secret_key
                    gpgPassPhrase: $java_gpg_passphrase
            codeSamples:
                registry:
                    location: registry.speakeasyapi.dev/novu/novu/novu-oas-java-code-samples
                blocking: false
